
Microsoft Visual Studio Solution File, Format Version 12.00
# Visual Studio Version 16
VisualStudioVersion = 16.0.30709.132
MinimumVisualStudioVersion = 15.0.26124.0
Project("{2150E333-8FDC-42A3-9474-1A3956D46DE8}") = "src", "src", "{F1FDD776-DBB5-401A-8B15-E93E314E8B9E}"
EndProject
Project("{2150E333-8FDC-42A3-9474-1A3956D46DE8}") = "tests", "tests", "{267E1284-7FB8-42E8-9425-8E223BE072E3}"
EndProject
Project("{2150E333-8FDC-42A3-9474-1A3956D46DE8}") = "files", "files", "{3ED5179E-C06F-4DEC-B168-6A5A11B0C482}"
	ProjectSection(SolutionItems) = preProject
		.gitignore = .gitignore
	EndProjectSection
EndProject
Project("{9A19103F-16F7-4668-BE54-9A1E7A4F7556}") = "RediSharp.Demo", "tests\RediSharp.Demo\RediSharp.Demo.csproj", "{851FCBA9-C733-40E5-82BE-F7EB8B5883DC}"
EndProject
Project("{FAE04EC0-301F-11D3-BF4B-00C04F79EFBC}") = "RediSharp.Generator", "src\RediSharp.Generator\RediSharp.Generator.csproj", "{5DA3A491-6026-4F15-8856-4E9D6C52903E}"
EndProject
Project("{FAE04EC0-301F-11D3-BF4B-00C04F79EFBC}") = "RediSharp", "src\RediSharp\RediSharp.csproj", "{4313ABD7-C38D-43FC-855E-C91240CD29C3}"
EndProject
Global
	GlobalSection(SolutionConfigurationPlatforms) = preSolution
		Debug|Any CPU = Debug|Any CPU
		Release|Any CPU = Release|Any CPU
	EndGlobalSection
	GlobalSection(ProjectConfigurationPlatforms) = postSolution
		{851FCBA9-C733-40E5-82BE-F7EB8B5883DC}.Debug|Any CPU.ActiveCfg = Debug|Any CPU
		{851FCBA9-C733-40E5-82BE-F7EB8B5883DC}.Debug|Any CPU.Build.0 = Debug|Any CPU
		{851FCBA9-C733-40E5-82BE-F7EB8B5883DC}.Release|Any CPU.ActiveCfg = Release|Any CPU
		{851FCBA9-C733-40E5-82BE-F7EB8B5883DC}.Release|Any CPU.Build.0 = Release|Any CPU
		{5DA3A491-6026-4F15-8856-4E9D6C52903E}.Debug|Any CPU.ActiveCfg = Debug|Any CPU
		{5DA3A491-6026-4F15-8856-4E9D6C52903E}.Debug|Any CPU.Build.0 = Debug|Any CPU
		{5DA3A491-6026-4F15-8856-4E9D6C52903E}.Release|Any CPU.ActiveCfg = Release|Any CPU
		{5DA3A491-6026-4F15-8856-4E9D6C52903E}.Release|Any CPU.Build.0 = Release|Any CPU
		{4313ABD7-C38D-43FC-855E-C91240CD29C3}.Debug|Any CPU.ActiveCfg = Debug|Any CPU
		{4313ABD7-C38D-43FC-855E-C91240CD29C3}.Debug|Any CPU.Build.0 = Debug|Any CPU
		{4313ABD7-C38D-43FC-855E-C91240CD29C3}.Release|Any CPU.ActiveCfg = Release|Any CPU
		{4313ABD7-C38D-43FC-855E-C91240CD29C3}.Release|Any CPU.Build.0 = Release|Any CPU
	EndGlobalSection
	GlobalSection(SolutionProperties) = preSolution
		HideSolutionNode = FALSE
	EndGlobalSection
	GlobalSection(NestedProjects) = preSolution
		{851FCBA9-C733-40E5-82BE-F7EB8B5883DC} = {267E1284-7FB8-42E8-9425-8E223BE072E3}
		{5DA3A491-6026-4F15-8856-4E9D6C52903E} = {F1FDD776-DBB5-401A-8B15-E93E314E8B9E}
		{4313ABD7-C38D-43FC-855E-C91240CD29C3} = {F1FDD776-DBB5-401A-8B15-E93E314E8B9E}
	EndGlobalSection
	GlobalSection(ExtensibilityGlobals) = postSolution
		SolutionGuid = {6BE1FA48-DABC-4461-9604-869B712F7B74}
	EndGlobalSection
EndGlobal
